
Microsoft Visual Studio Solution File, Format Version 12.00
# Visual Studio Version 16
VisualStudioVersion = 16.0.31205.134
MinimumVisualStudioVersion = 10.0.40219.1
Project("{FAE04EC0-301F-11D3-BF4B-00C04F79EFBC}") = "HotelMS", "HotelMS.csproj", "{BF49963A-57F4-4831-AD69-275C07B29DDF}"
EndProject
Global
	GlobalSection(SolutionConfigurationPlatforms) = preSolution
		Debug|Any CPU = Debug|Any CPU
		Release|Any CPU = Release|Any CPU
	EndGlobalSection
	GlobalSection(ProjectConfigurationPlatforms) = postSolution
		{BF49963A-57F4-4831-AD69-275C07B29DDF}.Debug|Any CPU.ActiveCfg = Debug|Any CPU
		{BF49963A-57F4-4831-AD69-275C07B29DDF}.Debug|Any CPU.Build.0 = Debug|Any CPU
		{BF49963A-57F4-4831-AD69-275C07B29DDF}.Release|Any CPU.ActiveCfg = Release|Any CPU
		{BF49963A-57F4-4831-AD69-275C07B29DDF}.Release|Any CPU.Build.0 = Release|Any CPU
	EndGlobalSection
	GlobalSection(SolutionProperties) = preSolution
		HideSolutionNode = FALSE
	EndGlobalSection
	GlobalSection(ExtensibilityGlobals) = postSolution
		SolutionGuid = {682B7B19-807D-4AD8-84BF-13D5B3413C2D}
	EndGlobalSection
EndGlobal
